
Microsoft Visual Studio Solution File, Format Version 12.00
# Visual Studio Version 16
VisualStudioVersion = 16.0.31129.286
MinimumVisualStudioVersion = 10.0.40219.1
Project("{FAE04EC0-301F-11D3-BF4B-00C04F79EFBC}") = "GEAP", "GEAP\GEAP.csproj", "{49C0BFD4-5EA0-489F-B04E-840508084BF9}"
EndProject
Global
	GlobalSection(SolutionConfigurationPlatforms) = preSolution
		Debug|Any CPU = Debug|Any CPU
		Release|Any CPU = Release|Any CPU
	EndGlobalSection
	GlobalSection(ProjectConfigurationPlatforms) = postSolution
		{49C0BFD4-5EA0-489F-B04E-840508084BF9}.Debug|Any CPU.ActiveCfg = Debug|Any CPU
		{49C0BFD4-5EA0-489F-B04E-840508084BF9}.Debug|Any CPU.Build.0 = Debug|Any CPU
		{49C0BFD4-5EA0-489F-B04E-840508084BF9}.Release|Any CPU.ActiveCfg = Release|Any CPU
		{49C0BFD4-5EA0-489F-B04E-840508084BF9}.Release|Any CPU.Build.0 = Release|Any CPU
	EndGlobalSection
	GlobalSection(SolutionProperties) = preSolution
		HideSolutionNode = FALSE
	EndGlobalSection
	GlobalSection(ExtensibilityGlobals) = postSolution
		SolutionGuid = {6054FDEF-F6FE-46B3-BFCE-FACC0BF3BD93}
	EndGlobalSection
EndGlobal
